
Microsoft Visual Studio Solution File, Format Version 12.00
# Visual Studio Version 17
VisualStudioVersion = 17.7.34024.191
MinimumVisualStudioVersion = 10.0.40219.1
Project("{FAE04EC0-301F-11D3-BF4B-00C04F79EFBC}") = "repo6", "repo6\repo6.csproj", "{6538B951-978A-4D3C-82BB-1793388131A0}"
EndProject
Global
	GlobalSection(SolutionConfigurationPlatforms) = preSolution
		Debug|Any CPU = Debug|Any CPU
		Release|Any CPU = Release|Any CPU
	EndGlobalSection
	GlobalSection(ProjectConfigurationPlatforms) = postSolution
		{6538B951-978A-4D3C-82BB-1793388131A0}.Debug|Any CPU.ActiveCfg = Debug|Any CPU
		{6538B951-978A-4D3C-82BB-1793388131A0}.Debug|Any CPU.Build.0 = Debug|Any CPU
		{6538B951-978A-4D3C-82BB-1793388131A0}.Release|Any CPU.ActiveCfg = Release|Any CPU
		{6538B951-978A-4D3C-82BB-1793388131A0}.Release|Any CPU.Build.0 = Release|Any CPU
	EndGlobalSection
	GlobalSection(SolutionProperties) = preSolution
		HideSolutionNode = FALSE
	EndGlobalSection
	GlobalSection(ExtensibilityGlobals) = postSolution
		SolutionGuid = {04271D95-AAD1-4517-BA02-79349273187D}
	EndGlobalSection
EndGlobal
